
Microsoft Visual Studio Solution File, Format Version 12.00
# Visual Studio Version 17
VisualStudioVersion = 17.12.35527.113
MinimumVisualStudioVersion = 10.0.40219.1
Project("{FAE04EC0-301F-11D3-BF4B-00C04F79EFBC}") = "HttpFunctionDemo", "HttpFunctionDemo\HttpFunctionDemo.csproj", "{EDCAA079-C399-4A2F-AD4D-2CD402E10C54}"
EndProject
Project("{FAE04EC0-301F-11D3-BF4B-00C04F79EFBC}") = "OrchestrationFunction", "OrchestrationFunction\OrchestrationFunction.csproj", "{6FEECCA4-A37B-482A-82BA-C7B23BCFD334}"
EndProject
Global
	GlobalSection(SolutionConfigurationPlatforms) = preSolution
		Debug|Any CPU = Debug|Any CPU
		Release|Any CPU = Release|Any CPU
	EndGlobalSection
	GlobalSection(ProjectConfigurationPlatforms) = postSolution
		{EDCAA079-C399-4A2F-AD4D-2CD402E10C54}.Debug|Any CPU.ActiveCfg = Debug|Any CPU
		{EDCAA079-C399-4A2F-AD4D-2CD402E10C54}.Debug|Any CPU.Build.0 = Debug|Any CPU
		{EDCAA079-C399-4A2F-AD4D-2CD402E10C54}.Release|Any CPU.ActiveCfg = Release|Any CPU
		{EDCAA079-C399-4A2F-AD4D-2CD402E10C54}.Release|Any CPU.Build.0 = Release|Any CPU
		{6FEECCA4-A37B-482A-82BA-C7B23BCFD334}.Debug|Any CPU.ActiveCfg = Debug|Any CPU
		{6FEECCA4-A37B-482A-82BA-C7B23BCFD334}.Debug|Any CPU.Build.0 = Debug|Any CPU
		{6FEECCA4-A37B-482A-82BA-C7B23BCFD334}.Release|Any CPU.ActiveCfg = Release|Any CPU
		{6FEECCA4-A37B-482A-82BA-C7B23BCFD334}.Release|Any CPU.Build.0 = Release|Any CPU
	EndGlobalSection
	GlobalSection(SolutionProperties) = preSolution
		HideSolutionNode = FALSE
	EndGlobalSection
	GlobalSection(ExtensibilityGlobals) = postSolution
		SolutionGuid = {68D6A495-9D8A-4103-98BA-415E7F253FDF}
	EndGlobalSection
EndGlobal
